// !$*UTF8*$!
{
	archiveVersion = 1;
	classes = {
	};
	objectVersion = 46;
	objects = {

/* Begin PBXBuildFile section */
		CE998C071ED90E5E00806ECD /* main.m in Sources */ = {isa = PBXBuildFile; fileRef = CE998C061ED90E5E00806ECD /* main.m */; };
		CE998C0A1ED90E5E00806ECD /* AppDelegate.m in Sources */ = {isa = PBXBuildFile; fileRef = CE998C091ED90E5E00806ECD /* AppDelegate.m */; };
		CE998C0D1ED90E5E00806ECD /* ViewController.m in Sources */ = {isa = PBXBuildFile; fileRef = CE998C0C1ED90E5E00806ECD /* ViewController.m */; };
		CE998C101ED90E5E00806ECD /* Main.storyboard in Resources */ = {isa = PBXBuildFile; fileRef = CE998C0E1ED90E5E00806ECD /* Main.storyboard */; };
		CE998C121ED90E5E00806ECD /* Assets.xcassets in Resources */ = {isa = PBXBuildFile; fileRef = CE998C111ED90E5E00806ECD /* Assets.xcassets */; };
		CE998C151ED90E5E00806ECD /* LaunchScreen.storyboard in Resources */ = {isa = PBXBuildFile; fileRef = CE998C131ED90E5E00806ECD /* LaunchScreen.storyboard */; };
		CE998C231ED916EF00806ECD /* image1@2x.png in Resources */ = {isa = PBXBuildFile; fileRef = CE998C211ED916EF00806ECD /* image1@2x.png */; };
		CE998C241ED916EF00806ECD /* image@2x.png in Resources */ = {isa = PBXBuildFile; fileRef = CE998C221ED916EF00806ECD /* image@2x.png */; };
/* End PBXBuildFile section */

/* Begin PBXFileReference section */
		CE998C021ED90E5E00806ECD /* UIScrollViewTest.app */ = {isa = PBXFileReference; explicitFileType = wrapper.application; includeInIndex = 0; path = UIScrollViewTest.app; sourceTree = BUILT_PRODUCTS_DIR; };
		CE998C061ED90E5E00806ECD /* main.m */ = {isa = PBXFileReference; lastKnownFileType = sourcecode.c.objc; path = main.m; sourceTree = "<group>"; };
		CE998C081ED90E5E00806ECD /* AppDelegate.h */ = {isa = PBXFileReference; lastKnownFileType = sourcecode.c.h; path = AppDelegate.h; sourceTree = "<group>"; };
		CE998C091ED90E5E00806ECD /* AppDelegate.m */ = {isa = PBXFileReference; lastKnownFileType = sourcecode.c.objc; path = AppDelegate.m; sourceTree = "<group>"; };
		CE998C0B1ED90E5E00806ECD /* ViewController.h */ = {isa = PBXFileReference; lastKnownFileType = sourcecode.c.h; path = ViewController.h; sourceTree = "<group>"; };
		CE998C0C1ED90E5E00806ECD /* ViewController.m */ = {isa = PBXFileReference; lastKnownFileType = sourcecode.c.objc; path = ViewController.m; sourceTree = "<group>"; };
		CE998C0F1ED90E5E00806ECD /* Base */ = {isa = PBXFileReference; lastKnownFileType = file.storyboard; name = Base; path = Base.lproj/Main.storyboard; sourceTree = "<group>"; };
		CE998C111ED90E5E00806ECD /* Assets.xcassets */ = {isa = PBXFileReference; lastKnownFileType = folder.assetcatalog; path = Assets.xcassets; sourceTree = "<group>"; };
		CE998C141ED90E5E00806ECD /* Base */ = {isa = PBXFileReference; lastKnownFileType = file.storyboard; name = Base; path = Base.lproj/LaunchScreen.storyboard; sourceTree = "<group>"; };
		CE998C161ED90E5E00806ECD /* Info.plist */ = {isa = PBXFileReference; lastKnownFileType = text.plist.xml; path = Info.plist; sourceTree = "<group>"; };
		CE998C211ED916EF00806ECD /* image1@2x.png */ = {isa = PBXFileReference; lastKnownFileType = image.png; path = "image1@2x.png"; sourceTree = "<group>"; };
		CE998C221ED916EF00806ECD /* image@2x.png */ = {isa = PBXFileReference; lastKnownFileType = image.png; path = "image@2x.png"; sourceTree = "<group>"; };
/* End PBXFileReference section */

/* Begin PBXFrameworksBuildPhase section */
		CE998BFF1ED90E5E00806ECD /* Frameworks */ = {
			isa = PBXFrameworksBuildPhase;
			buildActionMask = 2147483647;
			files = (
			);
			runOnlyForDeploymentPostprocessing = 0;
		};
/* End PBXFrameworksBuildPhase section */

/* Begin PBXGroup section */
		CE998BF91ED90E5E00806ECD = {
			isa = PBXGroup;
			children = (
				CE998C041ED90E5E00806ECD /* UIScrollViewTest */,
				CE998C031ED90E5E00806ECD /* Products */,
			);
			sourceTree = "<group>";
		};
		CE998C031ED90E5E00806ECD /* Products */ = {
			isa = PBXGroup;
			children = (
				CE998C021ED90E5E00806ECD /* UIScrollViewTest.app */,
			);
			name = Products;
			sourceTree = "<group>";
		};
		CE998C041ED90E5E00806ECD /* UIScrollViewTest */ = {
			isa = PBXGroup;
			children = (
				CE998C081ED90E5E00806ECD /* AppDelegate.h */,
				CE998C091ED90E5E00806ECD /* AppDelegate.m */,
				CE998C0B1ED90E5E00806ECD /* ViewController.h */,
				CE998C0C1ED90E5E00806ECD /* ViewController.m */,
				CE998C0E1ED90E5E00806ECD /* Main.storyboard */,
				CE998C111ED90E5E00806ECD /* Assets.xcassets */,
				CE998C131ED90E5E00806ECD /* LaunchScreen.storyboard */,
				CE998C201ED916EF00806ECD /* SRC */,
				CE998C161ED90E5E00806ECD /* Info.plist */,
				CE998C051ED90E5E00806ECD /* Supporting Files */,
			);
			path = UIScrollViewTest;
			sourceTree = "<group>";
		};
		CE998C051ED90E5E00806ECD /* Supporting Files */ = {
			isa = PBXGroup;
			children = (
				CE998C061ED90E5E00806ECD /* main.m */,
			);
			name = "Supporting Files";
			sourceTree = "<group>";
		};
		CE998C201ED916EF00806ECD /* SRC */ = {
			isa = PBXGroup;
			children = (
				CE998C211ED916EF00806ECD /* image1@2x.png */,
				CE998C221ED916EF00806ECD /* image@2x.png */,
			);
			path = SRC;
			sourceTree = "<group>";
		};
/* End PBXGroup section */

/* Begin PBXNativeTarget section */
		CE998C011ED90E5E00806ECD /* UIScrollViewTest */ = {
			isa = PBXNativeTarget;
			buildConfigurationList = CE998C191ED90E5E00806ECD /* Build configuration list for PBXNativeTarget "UIScrollViewTest" */;
			buildPhases = (
				CE998BFE1ED90E5E00806ECD /* Sources */,
				CE998BFF1ED90E5E00806ECD /* Frameworks */,
				CE998C001ED90E5E00806ECD /* Resources */,
			);
			buildRules = (
			);
			dependencies = (
			);
			name = UIScrollViewTest;
			productName = UIScrollViewTest;
			productReference = CE998C021ED90E5E00806ECD /* UIScrollViewTest.app */;
			productType = "com.apple.product-type.application";
		};
/* End PBXNativeTarget section */

/* Begin PBXProject section */
		CE998BFA1ED90E5E00806ECD /* Project object */ = {
			isa = PBXProject;
			attributes = {
				LastUpgradeCheck = 0830;
				ORGANIZATIONNAME = Po;
				TargetAttributes = {
					CE998C011ED90E5E00806ECD = {
						CreatedOnToolsVersion = 8.3.1;
						ProvisioningStyle = Automatic;
					};
				};
			};
			buildConfigurationList = CE998BFD1ED90E5E00806ECD /* Build configuration list for PBXProject "UIScrollViewTest" */;
			compatibilityVersion = "Xcode 3.2";
			developmentRegion = English;
			hasScannedForEncodings = 0;
			knownRegions = (
				en,
				Base,
			);
			mainGroup = CE998BF91ED90E5E00806ECD;
			productRefGroup = CE998C031ED90E5E00806ECD /* Products */;
			projectDirPath = "";
			projectRoot = "";
			targets = (
				CE998C011ED90E5E00806ECD /* UIScrollViewTest */,
			);
		};
/* End PBXProject section */

/* Begin PBXResourcesBuildPhase section */
		CE998C001ED90E5E00806ECD /* Resources */ = {
			isa = PBXResourcesBuildPhase;
			buildActionMask = 2147483647;
			files = (
				CE998C151ED90E5E00806ECD /* LaunchScreen.storyboard in Resources */,
				CE998C121ED90E5E00806ECD /* Assets.xcassets in Resources */,
				CE998C241ED916EF00806ECD /* image@2x.png in Resources */,
				CE998C231ED916EF00806ECD /* image1@2x.png in Resources */,
				CE998C101ED90E5E00806ECD /* Main.storyboard in Resources */,
			);
			runOnlyForDeploymentPostprocessing = 0;
		};
/* End PBXResourcesBuildPhase section */

/* Begin PBXSourcesBuildPhase section */
		CE998BFE1ED90E5E00806ECD /* Sources */ = {
			isa = PBXSourcesBuildPhase;
			buildActionMask = 2147483647;
			files = (
				CE998C0D1ED90E5E00806ECD /* ViewController.m in Sources */,
				CE998C0A1ED90E5E00806ECD /* AppDelegate.m in Sources */,
				CE998C071ED90E5E00806ECD /* main.m in Sources */,
			);
			runOnlyForDeploymentPostprocessing = 0;
		};
/* End PBXSourcesBuildPhase section */

/* Begin PBXVariantGroup section */
		CE998C0E1ED90E5E00806ECD /* Main.storyboard */ = {
			isa = PBXVariantGroup;
			children = (
				CE998C0F1ED90E5E00806ECD /* Base */,
			);
			name = Main.storyboard;
			sourceTree = "<group>";
		};
		CE998C131ED90E5E00806ECD /* LaunchScreen.storyboard */ = {
			isa = PBXVariantGroup;
			children = (
				CE998C141ED90E5E00806ECD /* Base */,
			);
			name = LaunchScreen.storyboard;
			sourceTree = "<group>";
		};
/* End PBXVariantGroup section */

/* Begin XCBuildConfiguration section */
		CE998C171ED90E5E00806ECD /* Debug */ = {
			isa = XCBuildConfiguration;
			buildSettings = {
				ALWAYS_SEARCH_USER_PATHS = NO;
				CLANG_ANALYZER_NONNULL = YES;
				CLANG_ANALYZER_NUMBER_OBJECT_CONVERSION = YES_AGGRESSIVE;
				CLANG_CXX_LANGUAGE_STANDARD = "gnu++0x";
				CLANG_CXX_LIBRARY = "libc++";
				CLANG_ENABLE_MODULES = YES;
				CLANG_ENABLE_OBJC_ARC = YES;
				CLANG_WARN_BOOL_CONVERSION = YES;
				CLANG_WARN_CONSTANT_CONVERSION = YES;
				CLANG_WARN_DIRECT_OBJC_ISA_USAGE = YES_ERROR;
				CLANG_WARN_DOCUMENTATION_COMMENTS = YES;
				CLANG_WARN_EMPTY_BODY = YES;
				CLANG_WARN_ENUM_CONVERSION = YES;
				CLANG_WARN_INFINITE_RECURSION = YES;
				CLANG_WARN_INT_CONVERSION = YES;
				CLANG_WARN_OBJC_ROOT_CLASS = YES_ERROR;
				CLANG_WARN_SUSPICIOUS_MOVE = YES;
				CLANG_WARN_UNREACHABLE_CODE = YES;
				CLANG_WARN__DUPLICATE_METHOD_MATCH = YES;
				"CODE_SIGN_IDENTITY[sdk=iphoneos*]" = "iPhone Developer";
				COPY_PHASE_STRIP = NO;
				DEBUG_INFORMATION_FORMAT = dwarf;
				ENABLE_STRICT_OBJC_MSGSEND = YES;
				ENABLE_TESTABILITY = YES;
				GCC_C_LANGUAGE_STANDARD = gnu99;
				GCC_DYNAMIC_NO_PIC = NO;
				GCC_NO_COMMON_BLOCKS = YES;
				GCC_OPTIMIZATION_LEVEL = 0;
				GCC_PREPROCESSOR_DEFINITIONS = (
					"DEBUG=1",
					"$(inherited)",
				);
				GCC_WARN_64_TO_32_BIT_CONVERSION = YES;
				GCC_WARN_ABOUT_RETURN_TYPE = YES_ERROR;
				GCC_WARN_UNDECLARED_SELECTOR = YES;
				GCC_WARN_UNINITIALIZED_AUTOS = YES_AGGRESSIVE;
				GCC_WARN_UNUSED_FUNCTION = YES;
				GCC_WARN_UNUSED_VARIABLE = YES;
				IPHONEOS_DEPLOYMENT_TARGET = 10.3;
				MTL_ENABLE_DEBUG_INFO = YES;
				ONLY_ACTIVE_ARCH = YES;
				SDKROOT = iphoneos;
			};
			name = Debug;
		};
		CE998C181ED90E5E00806ECD /* Release */ = {
			isa = XCBuildConfiguration;
			buildSettings = {
				ALWAYS_SEARCH_USER_PATHS = NO;
				CLANG_ANALYZER_NONNULL = YES;
				CLANG_ANALYZER_NUMBER_OBJECT_CONVERSION = YES_AGGRESSIVE;
				CLANG_CXX_LANGUAGE_STANDARD = "gnu++0x";
				CLANG_CXX_LIBRARY = "libc++";
				CLANG_ENABLE_MODULES = YES;
				CLANG_ENABLE_OBJC_ARC = YES;
				CLANG_WARN_BOOL_CONVERSION = YES;
				CLANG_WARN_CONSTANT_CONVERSION = YES;
				CLANG_WARN_DIRECT_OBJC_ISA_USAGE = YES_ERROR;
				CLANG_WARN_DOCUMENTATION_COMMENTS = YES;
				CLANG_WARN_EMPTY_BODY = YES;
				CLANG_WARN_ENUM_CONVERSION = YES;
				CLANG_WARN_INFINITE_RECURSION = YES;
				CLANG_WARN_INT_CONVERSION = YES;
				CLANG_WARN_OBJC_ROOT_CLASS = YES_ERROR;
				CLANG_WARN_SUSPICIOUS_MOVE = YES;
				CLANG_WARN_UNREACHABLE_CODE = YES;
				CLANG_WARN__DUPLICATE_METHOD_MATCH = YES;
				"CODE_SIGN_IDENTITY[sdk=iphoneos*]" = "iPhone Developer";
				COPY_PHASE_STRIP = NO;
				DEBUG_INFORMATION_FORMAT = "dwarf-with-dsym";
				ENABLE_NS_ASSERTIONS = NO;
				ENABLE_STRICT_OBJC_MSGSEND = YES;
				GCC_C_LANGUAGE_STANDARD = gnu99;
				GCC_NO_COMMON_BLOCKS = YES;
				GCC_WARN_64_TO_32_BIT_CONVERSION = YES;
				GCC_WARN_ABOUT_RETURN_TYPE = YES_ERROR;
				GCC_WARN_UNDECLARED_SELECTOR = YES;
				GCC_WARN_UNINITIALIZED_AUTOS = YES_AGGRESSIVE;
				GCC_WARN_UNUSED_FUNCTION = YES;
				GCC_WARN_UNUSED_VARIABLE = YES;
				IPHONEOS_DEPLOYMENT_TARGET = 10.3;
				MTL_ENABLE_DEBUG_INFO = NO;
				SDKROOT = iphoneos;
				VALIDATE_PRODUCT = YES;
			};
			name = Release;
		};
		CE998C1A1ED90E5E00806ECD /* Debug */ = {
			isa = XCBuildConfiguration;
			buildSettings = {
				ASSETCATALOG_COMPILER_APPICON_NAME = AppIcon;
				INFOPLIST_FILE = UIScrollViewTest/Info.plist;
				LD_RUNPATH_SEARCH_PATHS = "$(inherited) @executable_path/Frameworks";
				PRODUCT_BUNDLE_IDENTIFIER = LittlePo.UIScrollViewTest;
				PRODUCT_NAME = "$(TARGET_NAME)";
			};
			name = Debug;
		};
		CE998C1B1ED90E5E00806ECD /* Release */ = {
			isa = XCBuildConfiguration;
			buildSettings = {
				ASSETCATALOG_COMPILER_APPICON_NAME = AppIcon;
				INFOPLIST_FILE = UIScrollViewTest/Info.plist;
				LD_RUNPATH_SEARCH_PATHS = "$(inherited) @executable_path/Frameworks";
				PRODUCT_BUNDLE_IDENTIFIER = LittlePo.UIScrollViewTest;
				PRODUCT_NAME = "$(TARGET_NAME)";
			};
			name = Release;
		};
/* End XCBuildConfiguration section */

/* Begin XCConfigurationList section */
		CE998BFD1ED90E5E00806ECD /* Build configuration list for PBXProject "UIScrollViewTest" */ = {
			isa = XCConfigurationList;
			buildConfigurations = (
				CE998C171ED90E5E00806ECD /* Debug */,
				CE998C181ED90E5E00806ECD /* Release */,
			);
			defaultConfigurationIsVisible = 0;
			defaultConfigurationName = Release;
		};
		CE998C191ED90E5E00806ECD /* Build configuration list for PBXNativeTarget "UIScrollViewTest" */ = {
			isa = XCConfigurationList;
			buildConfigurations = (
				CE998C1A1ED90E5E00806ECD /* Debug */,
				CE998C1B1ED90E5E00806ECD /* Release */,
			);
			defaultConfigurationIsVisible = 0;
		};
/* End XCConfigurationList section */
	};
	rootObject = CE998BFA1ED90E5E00806ECD /* Project object */;
}
